
Microsoft Visual Studio Solution File, Format Version 12.00
# Visual Studio 15
VisualStudioVersion = 15.0.26124.0
MinimumVisualStudioVersion = 15.0.26124.0
Project("{FAE04EC0-301F-11D3-BF4B-00C04F79EFBC}") = "CTJ.Domain", "CTJ.Domain\CTJ.Domain.csproj", "{AF482587-A87B-4825-AD66-591C194D02A1}"
EndProject
Project("{FAE04EC0-301F-11D3-BF4B-00C04F79EFBC}") = "CTJ.Infra.Data", "CTJ.Infra.Data\CTJ.Infra.Data.csproj", "{4A903008-CB84-4301-A8D5-1F4DF5DC1B9A}"
EndProject
Project("{FAE04EC0-301F-11D3-BF4B-00C04F79EFBC}") = "CTJ.Application", "CTJ.Application\CTJ.Application.csproj", "{30AA4D00-34B6-4D03-BB19-FC4EF3B63921}"
EndProject
Project("{FAE04EC0-301F-11D3-BF4B-00C04F79EFBC}") = "CTJ.Presentation.MVC", "CTJ.Presentation.MVC\CTJ.Presentation.MVC.csproj", "{DF1DD693-7FD8-4151-87CC-FCB271C74538}"
EndProject
Project("{FAE04EC0-301F-11D3-BF4B-00C04F79EFBC}") = "CTJ.Presentation.API", "CTJ.Presentation.API\CTJ.Presentation.API.csproj", "{2BCB9545-278F-4086-9665-1118B1C65AB6}"
EndProject
Project("{2150E333-8FDC-42A3-9474-1A3956D46DE8}") = "0 - Presentation", "0 - Presentation", "{145D6B5F-022C-4298-8D74-02B0E4F68CD8}"
EndProject
Project("{2150E333-8FDC-42A3-9474-1A3956D46DE8}") = "1 - Application", "1 - Application", "{110EB6BC-6579-4E50-B4B6-35777A6B8B38}"
EndProject
Project("{2150E333-8FDC-42A3-9474-1A3956D46DE8}") = "3 - Domain", "3 - Domain", "{EBE3B614-18CB-4E67-9A82-79E2A20C7DF0}"
EndProject
Project("{2150E333-8FDC-42A3-9474-1A3956D46DE8}") = "4 - Infra", "4 - Infra", "{FA7E227E-3672-4CFF-ADC4-0EC9548CA805}"
EndProject
Global
	GlobalSection(SolutionConfigurationPlatforms) = preSolution
		Debug|Any CPU = Debug|Any CPU
		Debug|x64 = Debug|x64
		Debug|x86 = Debug|x86
		Release|Any CPU = Release|Any CPU
		Release|x64 = Release|x64
		Release|x86 = Release|x86
	EndGlobalSection
	GlobalSection(SolutionProperties) = preSolution
		HideSolutionNode = FALSE
	EndGlobalSection
	GlobalSection(ProjectConfigurationPlatforms) = postSolution
		{AF482587-A87B-4825-AD66-591C194D02A1}.Debug|Any CPU.ActiveCfg = Debug|Any CPU
		{AF482587-A87B-4825-AD66-591C194D02A1}.Debug|Any CPU.Build.0 = Debug|Any CPU
		{AF482587-A87B-4825-AD66-591C194D02A1}.Debug|x64.ActiveCfg = Debug|Any CPU
		{AF482587-A87B-4825-AD66-591C194D02A1}.Debug|x64.Build.0 = Debug|Any CPU
		{AF482587-A87B-4825-AD66-591C194D02A1}.Debug|x86.ActiveCfg = Debug|Any CPU
		{AF482587-A87B-4825-AD66-591C194D02A1}.Debug|x86.Build.0 = Debug|Any CPU
		{AF482587-A87B-4825-AD66-591C194D02A1}.Release|Any CPU.ActiveCfg = Release|Any CPU
		{AF482587-A87B-4825-AD66-591C194D02A1}.Release|Any CPU.Build.0 = Release|Any CPU
		{AF482587-A87B-4825-AD66-591C194D02A1}.Release|x64.ActiveCfg = Release|Any CPU
		{AF482587-A87B-4825-AD66-591C194D02A1}.Release|x64.Build.0 = Release|Any CPU
		{AF482587-A87B-4825-AD66-591C194D02A1}.Release|x86.ActiveCfg = Release|Any CPU
		{AF482587-A87B-4825-AD66-591C194D02A1}.Release|x86.Build.0 = Release|Any CPU
		{4A903008-CB84-4301-A8D5-1F4DF5DC1B9A}.Debug|Any CPU.ActiveCfg = Debug|Any CPU
		{4A903008-CB84-4301-A8D5-1F4DF5DC1B9A}.Debug|Any CPU.Build.0 = Debug|Any CPU
		{4A903008-CB84-4301-A8D5-1F4DF5DC1B9A}.Debug|x64.ActiveCfg = Debug|Any CPU
		{4A903008-CB84-4301-A8D5-1F4DF5DC1B9A}.Debug|x64.Build.0 = Debug|Any CPU
		{4A903008-CB84-4301-A8D5-1F4DF5DC1B9A}.Debug|x86.ActiveCfg = Debug|Any CPU
		{4A903008-CB84-4301-A8D5-1F4DF5DC1B9A}.Debug|x86.Build.0 = Debug|Any CPU
		{4A903008-CB84-4301-A8D5-1F4DF5DC1B9A}.Release|Any CPU.ActiveCfg = Release|Any CPU
		{4A903008-CB84-4301-A8D5-1F4DF5DC1B9A}.Release|Any CPU.Build.0 = Release|Any CPU
		{4A903008-CB84-4301-A8D5-1F4DF5DC1B9A}.Release|x64.ActiveCfg = Release|Any CPU
		{4A903008-CB84-4301-A8D5-1F4DF5DC1B9A}.Release|x64.Build.0 = Release|Any CPU
		{4A903008-CB84-4301-A8D5-1F4DF5DC1B9A}.Release|x86.ActiveCfg = Release|Any CPU
		{4A903008-CB84-4301-A8D5-1F4DF5DC1B9A}.Release|x86.Build.0 = Release|Any CPU
		{30AA4D00-34B6-4D03-BB19-FC4EF3B63921}.Debug|Any CPU.ActiveCfg = Debug|Any CPU
		{30AA4D00-34B6-4D03-BB19-FC4EF3B63921}.Debug|Any CPU.Build.0 = Debug|Any CPU
		{30AA4D00-34B6-4D03-BB19-FC4EF3B63921}.Debug|x64.ActiveCfg = Debug|Any CPU
		{30AA4D00-34B6-4D03-BB19-FC4EF3B63921}.Debug|x64.Build.0 = Debug|Any CPU
		{30AA4D00-34B6-4D03-BB19-FC4EF3B63921}.Debug|x86.ActiveCfg = Debug|Any CPU
		{30AA4D00-34B6-4D03-BB19-FC4EF3B63921}.Debug|x86.Build.0 = Debug|Any CPU
		{30AA4D00-34B6-4D03-BB19-FC4EF3B63921}.Release|Any CPU.ActiveCfg = Release|Any CPU
		{30AA4D00-34B6-4D03-BB19-FC4EF3B63921}.Release|Any CPU.Build.0 = Release|Any CPU
		{30AA4D00-34B6-4D03-BB19-FC4EF3B63921}.Release|x64.ActiveCfg = Release|Any CPU
		{30AA4D00-34B6-4D03-BB19-FC4EF3B63921}.Release|x64.Build.0 = Release|Any CPU
		{30AA4D00-34B6-4D03-BB19-FC4EF3B63921}.Release|x86.ActiveCfg = Release|Any CPU
		{30AA4D00-34B6-4D03-BB19-FC4EF3B63921}.Release|x86.Build.0 = Release|Any CPU
		{DF1DD693-7FD8-4151-87CC-FCB271C74538}.Debug|Any CPU.ActiveCfg = Debug|Any CPU
		{DF1DD693-7FD8-4151-87CC-FCB271C74538}.Debug|Any CPU.Build.0 = Debug|Any CPU
		{DF1DD693-7FD8-4151-87CC-FCB271C74538}.Debug|x64.ActiveCfg = Debug|Any CPU
		{DF1DD693-7FD8-4151-87CC-FCB271C74538}.Debug|x64.Build.0 = Debug|Any CPU
		{DF1DD693-7FD8-4151-87CC-FCB271C74538}.Debug|x86.ActiveCfg = Debug|Any CPU
		{DF1DD693-7FD8-4151-87CC-FCB271C74538}.Debug|x86.Build.0 = Debug|Any CPU
		{DF1DD693-7FD8-4151-87CC-FCB271C74538}.Release|Any CPU.ActiveCfg = Release|Any CPU
		{DF1DD693-7FD8-4151-87CC-FCB271C74538}.Release|Any CPU.Build.0 = Release|Any CPU
		{DF1DD693-7FD8-4151-87CC-FCB271C74538}.Release|x64.ActiveCfg = Release|Any CPU
		{DF1DD693-7FD8-4151-87CC-FCB271C74538}.Release|x64.Build.0 = Release|Any CPU
		{DF1DD693-7FD8-4151-87CC-FCB271C74538}.Release|x86.ActiveCfg = Release|Any CPU
		{DF1DD693-7FD8-4151-87CC-FCB271C74538}.Release|x86.Build.0 = Release|Any CPU
		{2BCB9545-278F-4086-9665-1118B1C65AB6}.Debug|Any CPU.ActiveCfg = Debug|Any CPU
		{2BCB9545-278F-4086-9665-1118B1C65AB6}.Debug|Any CPU.Build.0 = Debug|Any CPU
		{2BCB9545-278F-4086-9665-1118B1C65AB6}.Debug|x64.ActiveCfg = Debug|Any CPU
		{2BCB9545-278F-4086-9665-1118B1C65AB6}.Debug|x64.Build.0 = Debug|Any CPU
		{2BCB9545-278F-4086-9665-1118B1C65AB6}.Debug|x86.ActiveCfg = Debug|Any CPU
		{2BCB9545-278F-4086-9665-1118B1C65AB6}.Debug|x86.Build.0 = Debug|Any CPU
		{2BCB9545-278F-4086-9665-1118B1C65AB6}.Release|Any CPU.ActiveCfg = Release|Any CPU
		{2BCB9545-278F-4086-9665-1118B1C65AB6}.Release|Any CPU.Build.0 = Release|Any CPU
		{2BCB9545-278F-4086-9665-1118B1C65AB6}.Release|x64.ActiveCfg = Release|Any CPU
		{2BCB9545-278F-4086-9665-1118B1C65AB6}.Release|x64.Build.0 = Release|Any CPU
		{2BCB9545-278F-4086-9665-1118B1C65AB6}.Release|x86.ActiveCfg = Release|Any CPU
		{2BCB9545-278F-4086-9665-1118B1C65AB6}.Release|x86.Build.0 = Release|Any CPU
	EndGlobalSection
	GlobalSection(NestedProjects) = preSolution
		{DF1DD693-7FD8-4151-87CC-FCB271C74538} = {145D6B5F-022C-4298-8D74-02B0E4F68CD8}
		{2BCB9545-278F-4086-9665-1118B1C65AB6} = {145D6B5F-022C-4298-8D74-02B0E4F68CD8}
		{AF482587-A87B-4825-AD66-591C194D02A1} = {EBE3B614-18CB-4E67-9A82-79E2A20C7DF0}
		{30AA4D00-34B6-4D03-BB19-FC4EF3B63921} = {110EB6BC-6579-4E50-B4B6-35777A6B8B38}
		{4A903008-CB84-4301-A8D5-1F4DF5DC1B9A} = {FA7E227E-3672-4CFF-ADC4-0EC9548CA805}
	EndGlobalSection
EndGlobal
